
Microsoft Visual Studio Solution File, Format Version 12.00
# Visual Studio 2013
VisualStudioVersion = 12.0.21005.1
MinimumVisualStudioVersion = 10.0.40219.1
Project("{FAE04EC0-301F-11D3-BF4B-00C04F79EFBC}") = "Similarity", "Similarity\Similarity.csproj", "{9F8A766D-4D65-4D9F-B19C-D0944E082D72}"
EndProject
Project("{FAE04EC0-301F-11D3-BF4B-00C04F79EFBC}") = "TestHarness", "TestHarness\TestHarness.csproj", "{A2D21DBA-ED26-4A32-844F-D65DD8F96FCC}"
EndProject
Global
	GlobalSection(SolutionConfigurationPlatforms) = preSolution
		Debug|Any CPU = Debug|Any CPU
		Release|Any CPU = Release|Any CPU
	EndGlobalSection
	GlobalSection(ProjectConfigurationPlatforms) = postSolution
		{9F8A766D-4D65-4D9F-B19C-D0944E082D72}.Debug|Any CPU.ActiveCfg = Debug|Any CPU
		{9F8A766D-4D65-4D9F-B19C-D0944E082D72}.Debug|Any CPU.Build.0 = Debug|Any CPU
		{9F8A766D-4D65-4D9F-B19C-D0944E082D72}.Release|Any CPU.ActiveCfg = Release|Any CPU
		{9F8A766D-4D65-4D9F-B19C-D0944E082D72}.Release|Any CPU.Build.0 = Release|Any CPU
		{A2D21DBA-ED26-4A32-844F-D65DD8F96FCC}.Debug|Any CPU.ActiveCfg = Debug|Any CPU
		{A2D21DBA-ED26-4A32-844F-D65DD8F96FCC}.Debug|Any CPU.Build.0 = Debug|Any CPU
		{A2D21DBA-ED26-4A32-844F-D65DD8F96FCC}.Release|Any CPU.ActiveCfg = Release|Any CPU
		{A2D21DBA-ED26-4A32-844F-D65DD8F96FCC}.Release|Any CPU.Build.0 = Release|Any CPU
	EndGlobalSection
	GlobalSection(SolutionProperties) = preSolution
		HideSolutionNode = FALSE
	EndGlobalSection
EndGlobal
